
Microsoft Visual Studio Solution File, Format Version 12.00
# Visual Studio 15
VisualStudioVersion = 15.0.28307.438
MinimumVisualStudioVersion = 10.0.40219.1
Project("{FAE04EC0-301F-11D3-BF4B-00C04F79EFBC}") = "ProcessCmdKey", "ProcessCmdKey\ProcessCmdKey.csproj", "{43A39566-8810-494D-8DC0-248DE9831574}"
EndProject
Global
	GlobalSection(SolutionConfigurationPlatforms) = preSolution
		Debug|Any CPU = Debug|Any CPU
		Release|Any CPU = Release|Any CPU
	EndGlobalSection
	GlobalSection(ProjectConfigurationPlatforms) = postSolution
		{43A39566-8810-494D-8DC0-248DE9831574}.Debug|Any CPU.ActiveCfg = Debug|Any CPU
		{43A39566-8810-494D-8DC0-248DE9831574}.Debug|Any CPU.Build.0 = Debug|Any CPU
		{43A39566-8810-494D-8DC0-248DE9831574}.Release|Any CPU.ActiveCfg = Release|Any CPU
		{43A39566-8810-494D-8DC0-248DE9831574}.Release|Any CPU.Build.0 = Release|Any CPU
	EndGlobalSection
	GlobalSection(SolutionProperties) = preSolution
		HideSolutionNode = FALSE
	EndGlobalSection
	GlobalSection(ExtensibilityGlobals) = postSolution
		SolutionGuid = {B3DC75BD-7A81-41F2-8C47-9A578459C00B}
	EndGlobalSection
EndGlobal
